// !$*UTF8*$!
{
	archiveVersion = 1;
	classes = {
	};
	objectVersion = 50;
	objects = {

/* Begin PBXBuildFile section */
		E7ABF36626E47819009141D0 /* AppDelegate.swift in Sources */ = {isa = PBXBuildFile; fileRef = E7ABF36526E47819009141D0 /* AppDelegate.swift */; };
		E7ABF36826E47819009141D0 /* SceneDelegate.swift in Sources */ = {isa = PBXBuildFile; fileRef = E7ABF36726E47819009141D0 /* SceneDelegate.swift */; };
		E7ABF36A26E47819009141D0 /* ViewController.swift in Sources */ = {isa = PBXBuildFile; fileRef = E7ABF36926E47819009141D0 /* ViewController.swift */; };
		E7ABF36D26E47819009141D0 /* Main.storyboard in Resources */ = {isa = PBXBuildFile; fileRef = E7ABF36B26E47819009141D0 /* Main.storyboard */; };
		E7ABF36F26E4781A009141D0 /* Assets.xcassets in Resources */ = {isa = PBXBuildFile; fileRef = E7ABF36E26E4781A009141D0 /* Assets.xcassets */; };
		E7ABF37226E4781A009141D0 /* LaunchScreen.storyboard in Resources */ = {isa = PBXBuildFile; fileRef = E7ABF37026E4781A009141D0 /* LaunchScreen.storyboard */; };
		E7ABF37D26E4781A009141D0 /* PreworkTests.swift in Sources */ = {isa = PBXBuildFile; fileRef = E7ABF37C26E4781A009141D0 /* PreworkTests.swift */; };
		E7ABF38826E4781A009141D0 /* PreworkUITests.swift in Sources */ = {isa = PBXBuildFile; fileRef = E7ABF38726E4781A009141D0 /* PreworkUITests.swift */; };
/* End PBXBuildFile section */

/* Begin PBXContainerItemProxy section */
		E7ABF37926E4781A009141D0 /* PBXContainerItemProxy */ = {
			isa = PBXContainerItemProxy;
			containerPortal = E7ABF35A26E47819009141D0 /* Project object */;
			proxyType = 1;
			remoteGlobalIDString = E7ABF36126E47819009141D0;
			remoteInfo = Prework;
		};
		E7ABF38426E4781A009141D0 /* PBXContainerItemProxy */ = {
			isa = PBXContainerItemProxy;
			containerPortal = E7ABF35A26E47819009141D0 /* Project object */;
			proxyType = 1;
			remoteGlobalIDString = E7ABF36126E47819009141D0;
			remoteInfo = Prework;
		};
/* End PBXContainerItemProxy section */

/* Begin PBXFileReference section */
		E7ABF36226E47819009141D0 /* Prework.app */ = {isa = PBXFileReference; explicitFileType = wrapper.application; includeInIndex = 0; path = Prework.app; sourceTree = BUILT_PRODUCTS_DIR; };
		E7ABF36526E47819009141D0 /* AppDelegate.swift */ = {isa = PBXFileReference; lastKnownFileType = sourcecode.swift; path = AppDelegate.swift; sourceTree = "<group>"; };
		E7ABF36726E47819009141D0 /* SceneDelegate.swift */ = {isa = PBXFileReference; lastKnownFileType = sourcecode.swift; path = SceneDelegate.swift; sourceTree = "<group>"; };
		E7ABF36926E47819009141D0 /* ViewController.swift */ = {isa = PBXFileReference; lastKnownFileType = sourcecode.swift; path = ViewController.swift; sourceTree = "<group>"; };
		E7ABF36C26E47819009141D0 /* Base */ = {isa = PBXFileReference; lastKnownFileType = file.storyboard; name = Base; path = Base.lproj/Main.storyboard; sourceTree = "<group>"; };
		E7ABF36E26E4781A009141D0 /* Assets.xcassets */ = {isa = PBXFileReference; lastKnownFileType = folder.assetcatalog; path = Assets.xcassets; sourceTree = "<group>"; };
		E7ABF37126E4781A009141D0 /* Base */ = {isa = PBXFileReference; lastKnownFileType = file.storyboard; name = Base; path = Base.lproj/LaunchScreen.storyboard; sourceTree = "<group>"; };
		E7ABF37326E4781A009141D0 /* Info.plist */ = {isa = PBXFileReference; lastKnownFileType = text.plist.xml; path = Info.plist; sourceTree = "<group>"; };
		E7ABF37826E4781A009141D0 /* PreworkTests.xctest */ = {isa = PBXFileReference; explicitFileType = wrapper.cfbundle; includeInIndex = 0; path = PreworkTests.xctest; sourceTree = BUILT_PRODUCTS_DIR; };
		E7ABF37C26E4781A009141D0 /* PreworkTests.swift */ = {isa = PBXFileReference; lastKnownFileType = sourcecode.swift; path = PreworkTests.swift; sourceTree = "<group>"; };
		E7ABF37E26E4781A009141D0 /* Info.plist */ = {isa = PBXFileReference; lastKnownFileType = text.plist.xml; path = Info.plist; sourceTree = "<group>"; };
		E7ABF38326E4781A009141D0 /* PreworkUITests.xctest */ = {isa = PBXFileReference; explicitFileType = wrapper.cfbundle; includeInIndex = 0; path = PreworkUITests.xctest; sourceTree = BUILT_PRODUCTS_DIR; };
		E7ABF38726E4781A009141D0 /* PreworkUITests.swift */ = {isa = PBXFileReference; lastKnownFileType = sourcecode.swift; path = PreworkUITests.swift; sourceTree = "<group>"; };
		E7ABF38926E4781A009141D0 /* Info.plist */ = {isa = PBXFileReference; lastKnownFileType = text.plist.xml; path = Info.plist; sourceTree = "<group>"; };
/* End PBXFileReference section */

/* Begin PBXFrameworksBuildPhase section */
		E7ABF35F26E47819009141D0 /* Frameworks */ = {
			isa = PBXFrameworksBuildPhase;
			buildActionMask = 2147483647;
			files = (
			);
			runOnlyForDeploymentPostprocessing = 0;
		};
		E7ABF37526E4781A009141D0 /* Frameworks */ = {
			isa = PBXFrameworksBuildPhase;
			buildActionMask = 2147483647;
			files = (
			);
			runOnlyForDeploymentPostprocessing = 0;
		};
		E7ABF38026E4781A009141D0 /* Frameworks */ = {
			isa = PBXFrameworksBuildPhase;
			buildActionMask = 2147483647;
			files = (
			);
			runOnlyForDeploymentPostprocessing = 0;
		};
/* End PBXFrameworksBuildPhase section */

/* Begin PBXGroup section */
		E7ABF35926E47819009141D0 = {
			isa = PBXGroup;
			children = (
				E7ABF36426E47819009141D0 /* Prework */,
				E7ABF37B26E4781A009141D0 /* PreworkTests */,
				E7ABF38626E4781A009141D0 /* PreworkUITests */,
				E7ABF36326E47819009141D0 /* Products */,
			);
			sourceTree = "<group>";
		};
		E7ABF36326E47819009141D0 /* Products */ = {
			isa = PBXGroup;
			children = (
				E7ABF36226E47819009141D0 /* Prework.app */,
				E7ABF37826E4781A009141D0 /* PreworkTests.xctest */,
				E7ABF38326E4781A009141D0 /* PreworkUITests.xctest */,
			);
			name = Products;
			sourceTree = "<group>";
		};
		E7ABF36426E47819009141D0 /* Prework */ = {
			isa = PBXGroup;
			children = (
				E7ABF36526E47819009141D0 /* AppDelegate.swift */,
				E7ABF36726E47819009141D0 /* SceneDelegate.swift */,
				E7ABF36926E47819009141D0 /* ViewController.swift */,
				E7ABF36B26E47819009141D0 /* Main.storyboard */,
				E7ABF36E26E4781A009141D0 /* Assets.xcassets */,
				E7ABF37026E4781A009141D0 /* LaunchScreen.storyboard */,
				E7ABF37326E4781A009141D0 /* Info.plist */,
			);
			path = Prework;
			sourceTree = "<group>";
		};
		E7ABF37B26E4781A009141D0 /* PreworkTests */ = {
			isa = PBXGroup;
			children = (
				E7ABF37C26E4781A009141D0 /* PreworkTests.swift */,
				E7ABF37E26E4781A009141D0 /* Info.plist */,
			);
			path = PreworkTests;
			sourceTree = "<group>";
		};
		E7ABF38626E4781A009141D0 /* PreworkUITests */ = {
			isa = PBXGroup;
			children = (
				E7ABF38726E4781A009141D0 /* PreworkUITests.swift */,
				E7ABF38926E4781A009141D0 /* Info.plist */,
			);
			path = PreworkUITests;
			sourceTree = "<group>";
		};
/* End PBXGroup section */

/* Begin PBXNativeTarget section */
		E7ABF36126E47819009141D0 /* Prework */ = {
			isa = PBXNativeTarget;
			buildConfigurationList = E7ABF38C26E4781A009141D0 /* Build configuration list for PBXNativeTarget "Prework" */;
			buildPhases = (
				E7ABF35E26E47819009141D0 /* Sources */,
				E7ABF35F26E47819009141D0 /* Frameworks */,
				E7ABF36026E47819009141D0 /* Resources */,
			);
			buildRules = (
			);
			dependencies = (
			);
			name = Prework;
			productName = Prework;
			productReference = E7ABF36226E47819009141D0 /* Prework.app */;
			productType = "com.apple.product-type.application";
		};
		E7ABF37726E4781A009141D0 /* PreworkTests */ = {
			isa = PBXNativeTarget;
			buildConfigurationList = E7ABF38F26E4781A009141D0 /* Build configuration list for PBXNativeTarget "PreworkTests" */;
			buildPhases = (
				E7ABF37426E4781A009141D0 /* Sources */,
				E7ABF37526E4781A009141D0 /* Frameworks */,
				E7ABF37626E4781A009141D0 /* Resources */,
			);
			buildRules = (
			);
			dependencies = (
				E7ABF37A26E4781A009141D0 /* PBXTargetDependency */,
			);
			name = PreworkTests;
			productName = PreworkTests;
			productReference = E7ABF37826E4781A009141D0 /* PreworkTests.xctest */;
			productType = "com.apple.product-type.bundle.unit-test";
		};
		E7ABF38226E4781A009141D0 /* PreworkUITests */ = {
			isa = PBXNativeTarget;
			buildConfigurationList = E7ABF39226E4781A009141D0 /* Build configuration list for PBXNativeTarget "PreworkUITests" */;
			buildPhases = (
				E7ABF37F26E4781A009141D0 /* Sources */,
				E7ABF38026E4781A009141D0 /* Frameworks */,
				E7ABF38126E4781A009141D0 /* Resources */,
			);
			buildRules = (
			);
			dependencies = (
				E7ABF38526E4781A009141D0 /* PBXTargetDependency */,
			);
			name = PreworkUITests;
			productName = PreworkUITests;
			productReference = E7ABF38326E4781A009141D0 /* PreworkUITests.xctest */;
			productType = "com.apple.product-type.bundle.ui-testing";
		};
/* End PBXNativeTarget section */

/* Begin PBXProject section */
		E7ABF35A26E47819009141D0 /* Project object */ = {
			isa = PBXProject;
			attributes = {
				LastSwiftUpdateCheck = 1250;
				LastUpgradeCheck = 1250;
				TargetAttributes = {
					E7ABF36126E47819009141D0 = {
						CreatedOnToolsVersion = 12.5.1;
					};
					E7ABF37726E4781A009141D0 = {
						CreatedOnToolsVersion = 12.5.1;
						TestTargetID = E7ABF36126E47819009141D0;
					};
					E7ABF38226E4781A009141D0 = {
						CreatedOnToolsVersion = 12.5.1;
						TestTargetID = E7ABF36126E47819009141D0;
					};
				};
			};
			buildConfigurationList = E7ABF35D26E47819009141D0 /* Build configuration list for PBXProject "Prework" */;
			compatibilityVersion = "Xcode 9.3";
			developmentRegion = en;
			hasScannedForEncodings = 0;
			knownRegions = (
				en,
				Base,
			);
			mainGroup = E7ABF35926E47819009141D0;
			productRefGroup = E7ABF36326E47819009141D0 /* Products */;
			projectDirPath = "";
			projectRoot = "";
			targets = (
				E7ABF36126E47819009141D0 /* Prework */,
				E7ABF37726E4781A009141D0 /* PreworkTests */,
				E7ABF38226E4781A009141D0 /* PreworkUITests */,
			);
		};
/* End PBXProject section */

/* Begin PBXResourcesBuildPhase section */
		E7ABF36026E47819009141D0 /* Resources */ = {
			isa = PBXResourcesBuildPhase;
			buildActionMask = 2147483647;
			files = (
				E7ABF37226E4781A009141D0 /* LaunchScreen.storyboard in Resources */,
				E7ABF36F26E4781A009141D0 /* Assets.xcassets in Resources */,
				E7ABF36D26E47819009141D0 /* Main.storyboard in Resources */,
			);
			runOnlyForDeploymentPostprocessing = 0;
		};
		E7ABF37626E4781A009141D0 /* Resources */ = {
			isa = PBXResourcesBuildPhase;
			buildActionMask = 2147483647;
			files = (
			);
			runOnlyForDeploymentPostprocessing = 0;
		};
		E7ABF38126E4781A009141D0 /* Resources */ = {
			isa = PBXResourcesBuildPhase;
			buildActionMask = 2147483647;
			files = (
			);
			runOnlyForDeploymentPostprocessing = 0;
		};
/* End PBXResourcesBuildPhase section */

/* Begin PBXSourcesBuildPhase section */
		E7ABF35E26E47819009141D0 /* Sources */ = {
			isa = PBXSourcesBuildPhase;
			buildActionMask = 2147483647;
			files = (
				E7ABF36A26E47819009141D0 /* ViewController.swift in Sources */,
				E7ABF36626E47819009141D0 /* AppDelegate.swift in Sources */,
				E7ABF36826E47819009141D0 /* SceneDelegate.swift in Sources */,
			);
			runOnlyForDeploymentPostprocessing = 0;
		};
		E7ABF37426E4781A009141D0 /* Sources */ = {
			isa = PBXSourcesBuildPhase;
			buildActionMask = 2147483647;
			files = (
				E7ABF37D26E4781A009141D0 /* PreworkTests.swift in Sources */,
			);
			runOnlyForDeploymentPostprocessing = 0;
		};
		E7ABF37F26E4781A009141D0 /* Sources */ = {
			isa = PBXSourcesBuildPhase;
			buildActionMask = 2147483647;
			files = (
				E7ABF38826E4781A009141D0 /* PreworkUITests.swift in Sources */,
			);
			runOnlyForDeploymentPostprocessing = 0;
		};
/* End PBXSourcesBuildPhase section */

/* Begin PBXTargetDependency section */
		E7ABF37A26E4781A009141D0 /* PBXTargetDependency */ = {
			isa = PBXTargetDependency;
			target = E7ABF36126E47819009141D0 /* Prework */;
			targetProxy = E7ABF37926E4781A009141D0 /* PBXContainerItemProxy */;
		};
		E7ABF38526E4781A009141D0 /* PBXTargetDependency */ = {
			isa = PBXTargetDependency;
			target = E7ABF36126E47819009141D0 /* Prework */;
			targetProxy = E7ABF38426E4781A009141D0 /* PBXContainerItemProxy */;
		};
/* End PBXTargetDependency section */

/* Begin PBXVariantGroup section */
		E7ABF36B26E47819009141D0 /* Main.storyboard */ = {
			isa = PBXVariantGroup;
			children = (
				E7ABF36C26E47819009141D0 /* Base */,
			);
			name = Main.storyboard;
			sourceTree = "<group>";
		};
		E7ABF37026E4781A009141D0 /* LaunchScreen.storyboard */ = {
			isa = PBXVariantGroup;
			children = (
				E7ABF37126E4781A009141D0 /* Base */,
			);
			name = LaunchScreen.storyboard;
			sourceTree = "<group>";
		};
/* End PBXVariantGroup section */

/* Begin XCBuildConfiguration section */
		E7ABF38A26E4781A009141D0 /* Debug */ = {
			isa = XCBuildConfiguration;
			buildSettings = {
				ALWAYS_SEARCH_USER_PATHS = NO;
				CLANG_ANALYZER_NONNULL = YES;
				CLANG_ANALYZER_NUMBER_OBJECT_CONVERSION = YES_AGGRESSIVE;
				CLANG_CXX_LANGUAGE_STANDARD = "gnu++14";
				CLANG_CXX_LIBRARY = "libc++";
				CLANG_ENABLE_MODULES = YES;
				CLANG_ENABLE_OBJC_ARC = YES;
				CLANG_ENABLE_OBJC_WEAK = YES;
				CLANG_WARN_BLOCK_CAPTURE_AUTORELEASING = YES;
				CLANG_WARN_BOOL_CONVERSION = YES;
				CLANG_WARN_COMMA = YES;
				CLANG_WARN_CONSTANT_CONVERSION = YES;
				CLANG_WARN_DEPRECATED_OBJC_IMPLEMENTATIONS = YES;
				CLANG_WARN_DIRECT_OBJC_ISA_USAGE = YES_ERROR;
				CLANG_WARN_DOCUMENTATION_COMMENTS = YES;
				CLANG_WARN_EMPTY_BODY = YES;
				CLANG_WARN_ENUM_CONVERSION = YES;
				CLANG_WARN_INFINITE_RECURSION = YES;
				CLANG_WARN_INT_CONVERSION = YES;
				CLANG_WARN_NON_LITERAL_NULL_CONVERSION = YES;
				CLANG_WARN_OBJC_IMPLICIT_RETAIN_SELF = YES;
				CLANG_WARN_OBJC_LITERAL_CONVERSION = YES;
				CLANG_WARN_OBJC_ROOT_CLASS = YES_ERROR;
				CLANG_WARN_QUOTED_INCLUDE_IN_FRAMEWORK_HEADER = YES;
				CLANG_WARN_RANGE_LOOP_ANALYSIS = YES;
				CLANG_WARN_STRICT_PROTOTYPES = YES;
				CLANG_WARN_SUSPICIOUS_MOVE = YES;
				CLANG_WARN_UNGUARDED_AVAILABILITY = YES_AGGRESSIVE;
				CLANG_WARN_UNREACHABLE_CODE = YES;
				CLANG_WARN__DUPLICATE_METHOD_MATCH = YES;
				COPY_PHASE_STRIP = NO;
				DEBUG_INFORMATION_FORMAT = dwarf;
				ENABLE_STRICT_OBJC_MSGSEND = YES;
				ENABLE_TESTABILITY = YES;
				GCC_C_LANGUAGE_STANDARD = gnu11;
				GCC_DYNAMIC_NO_PIC = NO;
				GCC_NO_COMMON_BLOCKS = YES;
				GCC_OPTIMIZATION_LEVEL = 0;
				GCC_PREPROCESSOR_DEFINITIONS = (
					"DEBUG=1",
					"$(inherited)",
				);
				GCC_WARN_64_TO_32_BIT_CONVERSION = YES;
				GCC_WARN_ABOUT_RETURN_TYPE = YES_ERROR;
				GCC_WARN_UNDECLARED_SELECTOR = YES;
				GCC_WARN_UNINITIALIZED_AUTOS = YES_AGGRESSIVE;
				GCC_WARN_UNUSED_FUNCTION = YES;
				GCC_WARN_UNUSED_VARIABLE = YES;
				IPHONEOS_DEPLOYMENT_TARGET = 14.5;
				MTL_ENABLE_DEBUG_INFO = INCLUDE_SOURCE;
				MTL_FAST_MATH = YES;
				ONLY_ACTIVE_ARCH = YES;
				SDKROOT = iphoneos;
				SWIFT_ACTIVE_COMPILATION_CONDITIONS = DEBUG;
				SWIFT_OPTIMIZATION_LEVEL = "-Onone";
			};
			name = Debug;
		};
		E7ABF38B26E4781A009141D0 /* Release */ = {
			isa = XCBuildConfiguration;
			buildSettings = {
				ALWAYS_SEARCH_USER_PATHS = NO;
				CLANG_ANALYZER_NONNULL = YES;
				CLANG_ANALYZER_NUMBER_OBJECT_CONVERSION = YES_AGGRESSIVE;
				CLANG_CXX_LANGUAGE_STANDARD = "gnu++14";
				CLANG_CXX_LIBRARY = "libc++";
				CLANG_ENABLE_MODULES = YES;
				CLANG_ENABLE_OBJC_ARC = YES;
				CLANG_ENABLE_OBJC_WEAK = YES;
				CLANG_WARN_BLOCK_CAPTURE_AUTORELEASING = YES;
				CLANG_WARN_BOOL_CONVERSION = YES;
				CLANG_WARN_COMMA = YES;
				CLANG_WARN_CONSTANT_CONVERSION = YES;
				CLANG_WARN_DEPRECATED_OBJC_IMPLEMENTATIONS = YES;
				CLANG_WARN_DIRECT_OBJC_ISA_USAGE = YES_ERROR;
				CLANG_WARN_DOCUMENTATION_COMMENTS = YES;
				CLANG_WARN_EMPTY_BODY = YES;
				CLANG_WARN_ENUM_CONVERSION = YES;
				CLANG_WARN_INFINITE_RECURSION = YES;
				CLANG_WARN_INT_CONVERSION = YES;
				CLANG_WARN_NON_LITERAL_NULL_CONVERSION = YES;
				CLANG_WARN_OBJC_IMPLICIT_RETAIN_SELF = YES;
				CLANG_WARN_OBJC_LITERAL_CONVERSION = YES;
				CLANG_WARN_OBJC_ROOT_CLASS = YES_ERROR;
				CLANG_WARN_QUOTED_INCLUDE_IN_FRAMEWORK_HEADER = YES;
				CLANG_WARN_RANGE_LOOP_ANALYSIS = YES;
				CLANG_WARN_STRICT_PROTOTYPES = YES;
				CLANG_WARN_SUSPICIOUS_MOVE = YES;
				CLANG_WARN_UNGUARDED_AVAILABILITY = YES_AGGRESSIVE;
				CLANG_WARN_UNREACHABLE_CODE = YES;
				CLANG_WARN__DUPLICATE_METHOD_MATCH = YES;
				COPY_PHASE_STRIP = NO;
				DEBUG_INFORMATION_FORMAT = "dwarf-with-dsym";
				ENABLE_NS_ASSERTIONS = NO;
				ENABLE_STRICT_OBJC_MSGSEND = YES;
				GCC_C_LANGUAGE_STANDARD = gnu11;
				GCC_NO_COMMON_BLOCKS = YES;
				GCC_WARN_64_TO_32_BIT_CONVERSION = YES;
				GCC_WARN_ABOUT_RETURN_TYPE = YES_ERROR;
				GCC_WARN_UNDECLARED_SELECTOR = YES;
				GCC_WARN_UNINITIALIZED_AUTOS = YES_AGGRESSIVE;
				GCC_WARN_UNUSED_FUNCTION = YES;
				GCC_WARN_UNUSED_VARIABLE = YES;
				IPHONEOS_DEPLOYMENT_TARGET = 14.5;
				MTL_ENABLE_DEBUG_INFO = NO;
				MTL_FAST_MATH = YES;
				SDKROOT = iphoneos;
				SWIFT_COMPILATION_MODE = wholemodule;
				SWIFT_OPTIMIZATION_LEVEL = "-O";
				VALIDATE_PRODUCT = YES;
			};
			name = Release;
		};
		E7ABF38D26E4781A009141D0 /* Debug */ = {
			isa = XCBuildConfiguration;
			buildSettings = {
				ASSETCATALOG_COMPILER_APPICON_NAME = AppIcon;
				ASSETCATALOG_COMPILER_GLOBAL_ACCENT_COLOR_NAME = AccentColor;
				CODE_SIGN_STYLE = Automatic;
				INFOPLIST_FILE = Prework/Info.plist;
				LD_RUNPATH_SEARCH_PATHS = (
					"$(inherited)",
					"@executable_path/Frameworks",
				);
				PRODUCT_BUNDLE_IDENTIFIER = com.sebastiandlr.Prework;
				PRODUCT_NAME = "$(TARGET_NAME)";
				SWIFT_VERSION = 5.0;
				TARGETED_DEVICE_FAMILY = "1,2";
			};
			name = Debug;
		};
		E7ABF38E26E4781A009141D0 /* Release */ = {
			isa = XCBuildConfiguration;
			buildSettings = {
				ASSETCATALOG_COMPILER_APPICON_NAME = AppIcon;
				ASSETCATALOG_COMPILER_GLOBAL_ACCENT_COLOR_NAME = AccentColor;
				CODE_SIGN_STYLE = Automatic;
				INFOPLIST_FILE = Prework/Info.plist;
				LD_RUNPATH_SEARCH_PATHS = (
					"$(inherited)",
					"@executable_path/Frameworks",
				);
				PRODUCT_BUNDLE_IDENTIFIER = com.sebastiandlr.Prework;
				PRODUCT_NAME = "$(TARGET_NAME)";
				SWIFT_VERSION = 5.0;
				TARGETED_DEVICE_FAMILY = "1,2";
			};
			name = Release;
		};
		E7ABF39026E4781A009141D0 /* Debug */ = {
			isa = XCBuildConfiguration;
			buildSettings = {
				ALWAYS_EMBED_SWIFT_STANDARD_LIBRARIES = YES;
				BUNDLE_LOADER = "$(TEST_HOST)";
				CODE_SIGN_STYLE = Automatic;
				INFOPLIST_FILE = PreworkTests/Info.plist;
				IPHONEOS_DEPLOYMENT_TARGET = 14.5;
				LD_RUNPATH_SEARCH_PATHS = (
					"$(inherited)",
					"@executable_path/Frameworks",
					"@loader_path/Frameworks",
				);
				PRODUCT_BUNDLE_IDENTIFIER = com.sebastiandlr.PreworkTests;
				PRODUCT_NAME = "$(TARGET_NAME)";
				SWIFT_VERSION = 5.0;
				TARGETED_DEVICE_FAMILY = "1,2";
				TEST_HOST = "$(BUILT_PRODUCTS_DIR)/Prework.app/Prework";
			};
			name = Debug;
		};
		E7ABF39126E4781A009141D0 /* Release */ = {
			isa = XCBuildConfiguration;
			buildSettings = {
				ALWAYS_EMBED_SWIFT_STANDARD_LIBRARIES = YES;
				BUNDLE_LOADER = "$(TEST_HOST)";
				CODE_SIGN_STYLE = Automatic;
				INFOPLIST_FILE = PreworkTests/Info.plist;
				IPHONEOS_DEPLOYMENT_TARGET = 14.5;
				LD_RUNPATH_SEARCH_PATHS = (
					"$(inherited)",
					"@executable_path/Frameworks",
					"@loader_path/Frameworks",
				);
				PRODUCT_BUNDLE_IDENTIFIER = com.sebastiandlr.PreworkTests;
				PRODUCT_NAME = "$(TARGET_NAME)";
				SWIFT_VERSION = 5.0;
				TARGETED_DEVICE_FAMILY = "1,2";
				TEST_HOST = "$(BUILT_PRODUCTS_DIR)/Prework.app/Prework";
			};
			name = Release;
		};
		E7ABF39326E4781A009141D0 /* Debug */ = {
			isa = XCBuildConfiguration;
			buildSettings = {
				ALWAYS_EMBED_SWIFT_STANDARD_LIBRARIES = YES;
				CODE_SIGN_STYLE = Automatic;
				INFOPLIST_FILE = PreworkUITests/Info.plist;
				LD_RUNPATH_SEARCH_PATHS = (
					"$(inherited)",
					"@executable_path/Frameworks",
					"@loader_path/Frameworks",
				);
				PRODUCT_BUNDLE_IDENTIFIER = com.sebastiandlr.PreworkUITests;
				PRODUCT_NAME = "$(TARGET_NAME)";
				SWIFT_VERSION = 5.0;
				TARGETED_DEVICE_FAMILY = "1,2";
				TEST_TARGET_NAME = Prework;
			};
			name = Debug;
		};
		E7ABF39426E4781A009141D0 /* Release */ = {
			isa = XCBuildConfiguration;
			buildSettings = {
				ALWAYS_EMBED_SWIFT_STANDARD_LIBRARIES = YES;
				CODE_SIGN_STYLE = Automatic;
				INFOPLIST_FILE = PreworkUITests/Info.plist;
				LD_RUNPATH_SEARCH_PATHS = (
					"$(inherited)",
					"@executable_path/Frameworks",
					"@loader_path/Frameworks",
				);
				PRODUCT_BUNDLE_IDENTIFIER = com.sebastiandlr.PreworkUITests;
				PRODUCT_NAME = "$(TARGET_NAME)";
				SWIFT_VERSION = 5.0;
				TARGETED_DEVICE_FAMILY = "1,2";
				TEST_TARGET_NAME = Prework;
			};
			name = Release;
		};
/* End XCBuildConfiguration section */

/* Begin XCConfigurationList section */
		E7ABF35D26E47819009141D0 /* Build configuration list for PBXProject "Prework" */ = {
			isa = XCConfigurationList;
			buildConfigurations = (
				E7ABF38A26E4781A009141D0 /* Debug */,
				E7ABF38B26E4781A009141D0 /* Release */,
			);
			defaultConfigurationIsVisible = 0;
			defaultConfigurationName = Release;
		};
		E7ABF38C26E4781A009141D0 /* Build configuration list for PBXNativeTarget "Prework" */ = {
			isa = XCConfigurationList;
			buildConfigurations = (
				E7ABF38D26E4781A009141D0 /* Debug */,
				E7ABF38E26E4781A009141D0 /* Release */,
			);
			defaultConfigurationIsVisible = 0;
			defaultConfigurationName = Release;
		};
		E7ABF38F26E4781A009141D0 /* Build configuration list for PBXNativeTarget "PreworkTests" */ = {
			isa = XCConfigurationList;
			buildConfigurations = (
				E7ABF39026E4781A009141D0 /* Debug */,
				E7ABF39126E4781A009141D0 /* Release */,
			);
			defaultConfigurationIsVisible = 0;
			defaultConfigurationName = Release;
		};
		E7ABF39226E4781A009141D0 /* Build configuration list for PBXNativeTarget "PreworkUITests" */ = {
			isa = XCConfigurationList;
			buildConfigurations = (
				E7ABF39326E4781A009141D0 /* Debug */,
				E7ABF39426E4781A009141D0 /* Release */,
			);
			defaultConfigurationIsVisible = 0;
			defaultConfigurationName = Release;
		};
/* End XCConfigurationList section */
	};
	rootObject = E7ABF35A26E47819009141D0 /* Project object */;
}
